
Microsoft Visual Studio Solution File, Format Version 12.00
# Visual Studio Version 16
VisualStudioVersion = 16.0.29911.84
MinimumVisualStudioVersion = 10.0.40219.1
Project("{FAE04EC0-301F-11D3-BF4B-00C04F79EFBC}") = "Shess4", "Shess4\Shess4.csproj", "{C33EEA0B-5A8B-4873-A15A-E94DA1A4D6C7}"
EndProject
Global
	GlobalSection(SolutionConfigurationPlatforms) = preSolution
		Debug|Any CPU = Debug|Any CPU
		Release|Any CPU = Release|Any CPU
	EndGlobalSection
	GlobalSection(ProjectConfigurationPlatforms) = postSolution
		{C33EEA0B-5A8B-4873-A15A-E94DA1A4D6C7}.Debug|Any CPU.ActiveCfg = Debug|Any CPU
		{C33EEA0B-5A8B-4873-A15A-E94DA1A4D6C7}.Debug|Any CPU.Build.0 = Debug|Any CPU
		{C33EEA0B-5A8B-4873-A15A-E94DA1A4D6C7}.Release|Any CPU.ActiveCfg = Release|Any CPU
		{C33EEA0B-5A8B-4873-A15A-E94DA1A4D6C7}.Release|Any CPU.Build.0 = Release|Any CPU
	EndGlobalSection
	GlobalSection(SolutionProperties) = preSolution
		HideSolutionNode = FALSE
	EndGlobalSection
	GlobalSection(ExtensibilityGlobals) = postSolution
		SolutionGuid = {2B93B901-0499-4BEF-AC48-EC0FCAD8B425}
	EndGlobalSection
EndGlobal
